
Microsoft Visual Studio Solution File, Format Version 12.00
# Visual Studio Version 16
VisualStudioVersion = 16.0.31729.503
MinimumVisualStudioVersion = 10.0.40219.1
Project("{9A19103F-16F7-4668-BE54-9A1E7A4F7556}") = "Eticaret.PresentationEnSon", "Eticaret.PresentationEnSon\Eticaret.PresentationEnSon.csproj", "{50713759-5405-4390-A669-1EF997357760}"
EndProject
Project("{9A19103F-16F7-4668-BE54-9A1E7A4F7556}") = "Eticaret.Core", "ETicaret.Core\Eticaret.Core.csproj", "{567C6530-9C4A-4062-8FC2-1D4753E93CD6}"
EndProject
Project("{9A19103F-16F7-4668-BE54-9A1E7A4F7556}") = "Eticaret.Entities", "ETicaret.Entites\Eticaret.Entities.csproj", "{CF21B245-21D0-464C-B03D-1633328BADEC}"
EndProject
Project("{FAE04EC0-301F-11D3-BF4B-00C04F79EFBC}") = "Eticaret.DataAccess", "Eticaret.DataAccess\Eticaret.DataAccess.csproj", "{AB77D150-E881-44E5-8BBB-E562A9889FA2}"
EndProject
Project("{FAE04EC0-301F-11D3-BF4B-00C04F79EFBC}") = "Eticaret.Business", "Eticaret.Business\Eticaret.Business.csproj", "{740A48A9-22B4-4A6A-99B0-6F6027FD71E3}"
EndProject
Global
	GlobalSection(SolutionConfigurationPlatforms) = preSolution
		Debug|Any CPU = Debug|Any CPU
		Release|Any CPU = Release|Any CPU
	EndGlobalSection
	GlobalSection(ProjectConfigurationPlatforms) = postSolution
		{50713759-5405-4390-A669-1EF997357760}.Debug|Any CPU.ActiveCfg = Debug|Any CPU
		{50713759-5405-4390-A669-1EF997357760}.Debug|Any CPU.Build.0 = Debug|Any CPU
		{50713759-5405-4390-A669-1EF997357760}.Release|Any CPU.ActiveCfg = Release|Any CPU
		{50713759-5405-4390-A669-1EF997357760}.Release|Any CPU.Build.0 = Release|Any CPU
		{567C6530-9C4A-4062-8FC2-1D4753E93CD6}.Debug|Any CPU.ActiveCfg = Debug|Any CPU
		{567C6530-9C4A-4062-8FC2-1D4753E93CD6}.Debug|Any CPU.Build.0 = Debug|Any CPU
		{567C6530-9C4A-4062-8FC2-1D4753E93CD6}.Release|Any CPU.ActiveCfg = Release|Any CPU
		{567C6530-9C4A-4062-8FC2-1D4753E93CD6}.Release|Any CPU.Build.0 = Release|Any CPU
		{CF21B245-21D0-464C-B03D-1633328BADEC}.Debug|Any CPU.ActiveCfg = Debug|Any CPU
		{CF21B245-21D0-464C-B03D-1633328BADEC}.Debug|Any CPU.Build.0 = Debug|Any CPU
		{CF21B245-21D0-464C-B03D-1633328BADEC}.Release|Any CPU.ActiveCfg = Release|Any CPU
		{CF21B245-21D0-464C-B03D-1633328BADEC}.Release|Any CPU.Build.0 = Release|Any CPU
		{AB77D150-E881-44E5-8BBB-E562A9889FA2}.Debug|Any CPU.ActiveCfg = Debug|Any CPU
		{AB77D150-E881-44E5-8BBB-E562A9889FA2}.Debug|Any CPU.Build.0 = Debug|Any CPU
		{AB77D150-E881-44E5-8BBB-E562A9889FA2}.Release|Any CPU.ActiveCfg = Release|Any CPU
		{AB77D150-E881-44E5-8BBB-E562A9889FA2}.Release|Any CPU.Build.0 = Release|Any CPU
		{740A48A9-22B4-4A6A-99B0-6F6027FD71E3}.Debug|Any CPU.ActiveCfg = Debug|Any CPU
		{740A48A9-22B4-4A6A-99B0-6F6027FD71E3}.Debug|Any CPU.Build.0 = Debug|Any CPU
		{740A48A9-22B4-4A6A-99B0-6F6027FD71E3}.Release|Any CPU.ActiveCfg = Release|Any CPU
		{740A48A9-22B4-4A6A-99B0-6F6027FD71E3}.Release|Any CPU.Build.0 = Release|Any CPU
	EndGlobalSection
	GlobalSection(SolutionProperties) = preSolution
		HideSolutionNode = FALSE
	EndGlobalSection
	GlobalSection(ExtensibilityGlobals) = postSolution
		SolutionGuid = {5B2B8646-5334-4154-A5A1-E305CE7B5FC0}
	EndGlobalSection
EndGlobal
